
Microsoft Visual Studio Solution File, Format Version 12.00
# Visual Studio 2015
Project("{FAE04EC0-301F-11D3-BF4B-00C04F79EFBC}") = "Matador & Snow (5.4.2f2)", "Matador & Snow (5.4.2f2).csproj", "{1CB2C51A-B7F7-F9BD-5BE8-90B99E29123B}"
EndProject
Global
	GlobalSection(SolutionConfigurationPlatforms) = preSolution
		Debug|Any CPU = Debug|Any CPU
		Release|Any CPU = Release|Any CPU
	EndGlobalSection
	GlobalSection(ProjectConfigurationPlatforms) = postSolution
		{1CB2C51A-B7F7-F9BD-5BE8-90B99E29123B}.Debug|Any CPU.ActiveCfg = Debug|Any CPU
		{1CB2C51A-B7F7-F9BD-5BE8-90B99E29123B}.Debug|Any CPU.Build.0 = Debug|Any CPU
		{1CB2C51A-B7F7-F9BD-5BE8-90B99E29123B}.Release|Any CPU.ActiveCfg = Release|Any CPU
		{1CB2C51A-B7F7-F9BD-5BE8-90B99E29123B}.Release|Any CPU.Build.0 = Release|Any CPU
	EndGlobalSection
	GlobalSection(SolutionProperties) = preSolution
		HideSolutionNode = FALSE
	EndGlobalSection
EndGlobal
