
Microsoft Visual Studio Solution File, Format Version 12.00
# Visual Studio 2015
Project("{FAE04EC0-301F-11D3-BF4B-00C04F79EFBC}") = "Nightmares (5.4.2f2)", "Nightmares (5.4.2f2).csproj", "{AFA7E390-0CD2-EF4B-20F9-FD30A358CE18}"
EndProject
Global
	GlobalSection(SolutionConfigurationPlatforms) = preSolution
		Debug|Any CPU = Debug|Any CPU
		Release|Any CPU = Release|Any CPU
	EndGlobalSection
	GlobalSection(ProjectConfigurationPlatforms) = postSolution
		{AFA7E390-0CD2-EF4B-20F9-FD30A358CE18}.Debug|Any CPU.ActiveCfg = Debug|Any CPU
		{AFA7E390-0CD2-EF4B-20F9-FD30A358CE18}.Debug|Any CPU.Build.0 = Debug|Any CPU
		{AFA7E390-0CD2-EF4B-20F9-FD30A358CE18}.Release|Any CPU.ActiveCfg = Release|Any CPU
		{AFA7E390-0CD2-EF4B-20F9-FD30A358CE18}.Release|Any CPU.Build.0 = Release|Any CPU
	EndGlobalSection
	GlobalSection(SolutionProperties) = preSolution
		HideSolutionNode = FALSE
	EndGlobalSection
EndGlobal
