
Microsoft Visual Studio Solution File, Format Version 12.00
# Visual Studio 2015
Project("{FAE04EC0-301F-11D3-BF4B-00C04F79EFBC}") = "Nightmare (5.4.2f2)", "Nightmare (5.4.2f2).csproj", "{868C068C-49C9-AAFF-043E-457C41F6A783}"
EndProject
Project("{FAE04EC0-301F-11D3-BF4B-00C04F79EFBC}") = "Nightmare (5.4.2f2).Editor", "Nightmare (5.4.2f2).Editor.csproj", "{5D54AF0F-99A6-05C5-108A-FAA87BB33EA7}"
EndProject
Global
	GlobalSection(SolutionConfigurationPlatforms) = preSolution
		Debug|Any CPU = Debug|Any CPU
		Release|Any CPU = Release|Any CPU
	EndGlobalSection
	GlobalSection(ProjectConfigurationPlatforms) = postSolution
		{868C068C-49C9-AAFF-043E-457C41F6A783}.Debug|Any CPU.ActiveCfg = Debug|Any CPU
		{868C068C-49C9-AAFF-043E-457C41F6A783}.Debug|Any CPU.Build.0 = Debug|Any CPU
		{868C068C-49C9-AAFF-043E-457C41F6A783}.Release|Any CPU.ActiveCfg = Release|Any CPU
		{868C068C-49C9-AAFF-043E-457C41F6A783}.Release|Any CPU.Build.0 = Release|Any CPU
		{5D54AF0F-99A6-05C5-108A-FAA87BB33EA7}.Debug|Any CPU.ActiveCfg = Debug|Any CPU
		{5D54AF0F-99A6-05C5-108A-FAA87BB33EA7}.Debug|Any CPU.Build.0 = Debug|Any CPU
		{5D54AF0F-99A6-05C5-108A-FAA87BB33EA7}.Release|Any CPU.ActiveCfg = Release|Any CPU
		{5D54AF0F-99A6-05C5-108A-FAA87BB33EA7}.Release|Any CPU.Build.0 = Release|Any CPU
	EndGlobalSection
	GlobalSection(SolutionProperties) = preSolution
		HideSolutionNode = FALSE
	EndGlobalSection
EndGlobal
