
Microsoft Visual Studio Solution File, Format Version 12.00
# Visual Studio 2015
Project("{FAE04EC0-301F-11D3-BF4B-00C04F79EFBC}") = "MyMecanimEx(5.3.4f2)", "MyMecanimEx(5.3.4f2).csproj", "{784A386D-F743-88BE-4730-502B88497C78}"
EndProject
Global
	GlobalSection(SolutionConfigurationPlatforms) = preSolution
		Debug|Any CPU = Debug|Any CPU
		Release|Any CPU = Release|Any CPU
	EndGlobalSection
	GlobalSection(ProjectConfigurationPlatforms) = postSolution
		{784A386D-F743-88BE-4730-502B88497C78}.Debug|Any CPU.ActiveCfg = Debug|Any CPU
		{784A386D-F743-88BE-4730-502B88497C78}.Debug|Any CPU.Build.0 = Debug|Any CPU
		{784A386D-F743-88BE-4730-502B88497C78}.Release|Any CPU.ActiveCfg = Release|Any CPU
		{784A386D-F743-88BE-4730-502B88497C78}.Release|Any CPU.Build.0 = Release|Any CPU
	EndGlobalSection
	GlobalSection(SolutionProperties) = preSolution
		HideSolutionNode = FALSE
	EndGlobalSection
EndGlobal
